
Microsoft Visual Studio Solution File, Format Version 12.00
# Visual Studio Version 17
VisualStudioVersion = 17.7.34031.279
MinimumVisualStudioVersion = 10.0.40219.1
Project("{9A19103F-16F7-4668-BE54-9A1E7A4F7556}") = "eTickets", "aTickets\eTickets.csproj", "{527FE53D-4325-48A5-8516-A03474332BF0}"
EndProject
Global
	GlobalSection(SolutionConfigurationPlatforms) = preSolution
		Debug|Any CPU = Debug|Any CPU
		Release|Any CPU = Release|Any CPU
	EndGlobalSection
	GlobalSection(ProjectConfigurationPlatforms) = postSolution
		{527FE53D-4325-48A5-8516-A03474332BF0}.Debug|Any CPU.ActiveCfg = Debug|Any CPU
		{527FE53D-4325-48A5-8516-A03474332BF0}.Debug|Any CPU.Build.0 = Debug|Any CPU
		{527FE53D-4325-48A5-8516-A03474332BF0}.Release|Any CPU.ActiveCfg = Release|Any CPU
		{527FE53D-4325-48A5-8516-A03474332BF0}.Release|Any CPU.Build.0 = Release|Any CPU
	EndGlobalSection
	GlobalSection(SolutionProperties) = preSolution
		HideSolutionNode = FALSE
	EndGlobalSection
	GlobalSection(ExtensibilityGlobals) = postSolution
		SolutionGuid = {CCA411D3-8175-4BE3-B580-7F8CF51E774B}
	EndGlobalSection
EndGlobal
